
Microsoft Visual Studio Solution File, Format Version 12.00
# Visual Studio 14
VisualStudioVersion = 14.0.25420.1
MinimumVisualStudioVersion = 10.0.40219.1
Project("{FAE04EC0-301F-11D3-BF4B-00C04F79EFBC}") = "Rednet.DataAccess", "Rednet.DataAccess\Rednet.DataAccess.csproj", "{1D65EC51-B57D-446F-BEC4-FB1F41AECD09}"
EndProject
Project("{FAE04EC0-301F-11D3-BF4B-00C04F79EFBC}") = "Rednet.Shared", "Rednet.Shared\Rednet.Shared.csproj", "{D387E593-26F9-4E60-9240-5FB1046B4271}"
EndProject
Project("{FAE04EC0-301F-11D3-BF4B-00C04F79EFBC}") = "Rednet.DataAccess.Droid", "Rednet.DataAccess.Droid\Rednet.DataAccess.Droid.csproj", "{27CA7044-5594-49B9-A8D7-40471001D863}"
EndProject
Project("{FAE04EC0-301F-11D3-BF4B-00C04F79EFBC}") = "Rednet.DataAccess.iOS", "Rednet.DataAccess.iOS\Rednet.DataAccess.iOS.csproj", "{2DFC1632-5508-4EA4-A98E-E68522AD8FF7}"
EndProject
Project("{FAE04EC0-301F-11D3-BF4B-00C04F79EFBC}") = "Rednet.DataAccess.NET45", "Rednet.DataAccess.NET45\Rednet.DataAccess.NET45.csproj", "{7FCF8DC1-8B80-4BA8-A3B7-03809A14E5A2}"
EndProject
Project("{FAE04EC0-301F-11D3-BF4B-00C04F79EFBC}") = "Rednet.Shared.Droid", "Rednet.Shared.Droid\Rednet.Shared.Droid.csproj", "{1C8DA4AF-401D-402B-8738-9B5E87DD23B1}"
EndProject
Project("{FAE04EC0-301F-11D3-BF4B-00C04F79EFBC}") = "Rednet.Shared.iOS", "Rednet.Shared.iOS\Rednet.Shared.iOS.csproj", "{17A740C2-07D5-44B7-A7DA-B07E7A9612AC}"
EndProject
Project("{FAE04EC0-301F-11D3-BF4B-00C04F79EFBC}") = "Rednet.Shared.NET45", "Rednet.Shared.NET45\Rednet.Shared.NET45.csproj", "{13BDC78A-B6A8-4FF2-9330-87EBE45E2ACD}"
EndProject
Project("{FAE04EC0-301F-11D3-BF4B-00C04F79EFBC}") = "Rednet.DataAccess.WP8", "Rednet.DataAccess.WP8\Rednet.DataAccess.WP8.csproj", "{0670B636-F8E2-4836-8078-6221862BF139}"
EndProject
Project("{FAE04EC0-301F-11D3-BF4B-00C04F79EFBC}") = "Rednet.Shared.WP8", "Rednet.Shared.WP8\Rednet.Shared.WP8.csproj", "{CCCC1999-E699-44CB-9B3B-EF7DCF45B5FD}"
EndProject
Project("{FAE04EC0-301F-11D3-BF4B-00C04F79EFBC}") = "Community.CSharpSqlite", "Community.CSharpSqlite\Community.CSharpSqlite.csproj", "{67F059E7-EC6A-429F-8FC8-8D655340557E}"
EndProject
Project("{FAE04EC0-301F-11D3-BF4B-00C04F79EFBC}") = "Community.CsharpSqlite.SqlLiteClient", "Community.CsharpSqlite.SqlLiteClient\Community.CsharpSqlite.SqlLiteClient.csproj", "{F398104C-E56C-437F-A525-2A0B91097E07}"
EndProject
Project("{2150E333-8FDC-42A3-9474-1A3956D46DE8}") = "Keys", "Keys", "{632AEF62-A618-4560-B9FC-3D1EF65D6A11}"
	ProjectSection(SolutionItems) = preProject
		Rednet.DataAccess.snk = Rednet.DataAccess.snk
		Rednet.Shared.snk = Rednet.Shared.snk
		SqlLiteClient.snk = SqlLiteClient.snk
	EndProjectSection
EndProject
Global
	GlobalSection(SolutionConfigurationPlatforms) = preSolution
		Ad-Hoc|Any CPU = Ad-Hoc|Any CPU
		Ad-Hoc|ARM = Ad-Hoc|ARM
		Ad-Hoc|iPhone = Ad-Hoc|iPhone
		Ad-Hoc|iPhoneSimulator = Ad-Hoc|iPhoneSimulator
		Ad-Hoc|Mixed Platforms = Ad-Hoc|Mixed Platforms
		Ad-Hoc|x64 = Ad-Hoc|x64
		Ad-Hoc|x86 = Ad-Hoc|x86
		AppStore|Any CPU = AppStore|Any CPU
		AppStore|ARM = AppStore|ARM
		AppStore|iPhone = AppStore|iPhone
		AppStore|iPhoneSimulator = AppStore|iPhoneSimulator
		AppStore|Mixed Platforms = AppStore|Mixed Platforms
		AppStore|x64 = AppStore|x64
		AppStore|x86 = AppStore|x86
		Debug|Any CPU = Debug|Any CPU
		Debug|ARM = Debug|ARM
		Debug|iPhone = Debug|iPhone
		Debug|iPhoneSimulator = Debug|iPhoneSimulator
		Debug|Mixed Platforms = Debug|Mixed Platforms
		Debug|x64 = Debug|x64
		Debug|x86 = Debug|x86
		Release|Any CPU = Release|Any CPU
		Release|ARM = Release|ARM
		Release|iPhone = Release|iPhone
		Release|iPhoneSimulator = Release|iPhoneSimulator
		Release|Mixed Platforms = Release|Mixed Platforms
		Release|x64 = Release|x64
		Release|x86 = Release|x86
	EndGlobalSection
	GlobalSection(ProjectConfigurationPlatforms) = postSolution
		{1D65EC51-B57D-446F-BEC4-FB1F41AECD09}.Ad-Hoc|Any CPU.ActiveCfg = Release|Any CPU
		{1D65EC51-B57D-446F-BEC4-FB1F41AECD09}.Ad-Hoc|Any CPU.Build.0 = Release|Any CPU
		{1D65EC51-B57D-446F-BEC4-FB1F41AECD09}.Ad-Hoc|ARM.ActiveCfg = Debug|Any CPU
		{1D65EC51-B57D-446F-BEC4-FB1F41AECD09}.Ad-Hoc|ARM.Build.0 = Debug|Any CPU
		{1D65EC51-B57D-446F-BEC4-FB1F41AECD09}.Ad-Hoc|iPhone.ActiveCfg = Release|Any CPU
		{1D65EC51-B57D-446F-BEC4-FB1F41AECD09}.Ad-Hoc|iPhoneSimulator.ActiveCfg = Release|Any CPU
		{1D65EC51-B57D-446F-BEC4-FB1F41AECD09}.Ad-Hoc|Mixed Platforms.ActiveCfg = Release|Any CPU
		{1D65EC51-B57D-446F-BEC4-FB1F41AECD09}.Ad-Hoc|Mixed Platforms.Build.0 = Release|Any CPU
		{1D65EC51-B57D-446F-BEC4-FB1F41AECD09}.Ad-Hoc|x64.ActiveCfg = Debug|Any CPU
		{1D65EC51-B57D-446F-BEC4-FB1F41AECD09}.Ad-Hoc|x64.Build.0 = Debug|Any CPU
		{1D65EC51-B57D-446F-BEC4-FB1F41AECD09}.Ad-Hoc|x86.ActiveCfg = Debug|Any CPU
		{1D65EC51-B57D-446F-BEC4-FB1F41AECD09}.Ad-Hoc|x86.Build.0 = Debug|Any CPU
		{1D65EC51-B57D-446F-BEC4-FB1F41AECD09}.AppStore|Any CPU.ActiveCfg = Release|Any CPU
		{1D65EC51-B57D-446F-BEC4-FB1F41AECD09}.AppStore|Any CPU.Build.0 = Release|Any CPU
		{1D65EC51-B57D-446F-BEC4-FB1F41AECD09}.AppStore|ARM.ActiveCfg = Debug|Any CPU
		{1D65EC51-B57D-446F-BEC4-FB1F41AECD09}.AppStore|ARM.Build.0 = Debug|Any CPU
		{1D65EC51-B57D-446F-BEC4-FB1F41AECD09}.AppStore|iPhone.ActiveCfg = Release|Any CPU
		{1D65EC51-B57D-446F-BEC4-FB1F41AECD09}.AppStore|iPhoneSimulator.ActiveCfg = Release|Any CPU
		{1D65EC51-B57D-446F-BEC4-FB1F41AECD09}.AppStore|Mixed Platforms.ActiveCfg = Release|Any CPU
		{1D65EC51-B57D-446F-BEC4-FB1F41AECD09}.AppStore|Mixed Platforms.Build.0 = Release|Any CPU
		{1D65EC51-B57D-446F-BEC4-FB1F41AECD09}.AppStore|x64.ActiveCfg = Debug|Any CPU
		{1D65EC51-B57D-446F-BEC4-FB1F41AECD09}.AppStore|x64.Build.0 = Debug|Any CPU
		{1D65EC51-B57D-446F-BEC4-FB1F41AECD09}.AppStore|x86.ActiveCfg = Debug|Any CPU
		{1D65EC51-B57D-446F-BEC4-FB1F41AECD09}.AppStore|x86.Build.0 = Debug|Any CPU
		{1D65EC51-B57D-446F-BEC4-FB1F41AECD09}.Debug|Any CPU.ActiveCfg = Debug|Any CPU
		{1D65EC51-B57D-446F-BEC4-FB1F41AECD09}.Debug|Any CPU.Build.0 = Debug|Any CPU
		{1D65EC51-B57D-446F-BEC4-FB1F41AECD09}.Debug|ARM.ActiveCfg = Debug|Any CPU
		{1D65EC51-B57D-446F-BEC4-FB1F41AECD09}.Debug|ARM.Build.0 = Debug|Any CPU
		{1D65EC51-B57D-446F-BEC4-FB1F41AECD09}.Debug|iPhone.ActiveCfg = Debug|Any CPU
		{1D65EC51-B57D-446F-BEC4-FB1F41AECD09}.Debug|iPhoneSimulator.ActiveCfg = Debug|Any CPU
		{1D65EC51-B57D-446F-BEC4-FB1F41AECD09}.Debug|iPhoneSimulator.Build.0 = Debug|Any CPU
		{1D65EC51-B57D-446F-BEC4-FB1F41AECD09}.Debug|Mixed Platforms.ActiveCfg = Debug|Any CPU
		{1D65EC51-B57D-446F-BEC4-FB1F41AECD09}.Debug|Mixed Platforms.Build.0 = Debug|Any CPU
		{1D65EC51-B57D-446F-BEC4-FB1F41AECD09}.Debug|x64.ActiveCfg = Debug|Any CPU
		{1D65EC51-B57D-446F-BEC4-FB1F41AECD09}.Debug|x64.Build.0 = Debug|Any CPU
		{1D65EC51-B57D-446F-BEC4-FB1F41AECD09}.Debug|x86.ActiveCfg = Debug|Any CPU
		{1D65EC51-B57D-446F-BEC4-FB1F41AECD09}.Debug|x86.Build.0 = Debug|Any CPU
		{1D65EC51-B57D-446F-BEC4-FB1F41AECD09}.Release|Any CPU.ActiveCfg = Release|Any CPU
		{1D65EC51-B57D-446F-BEC4-FB1F41AECD09}.Release|Any CPU.Build.0 = Release|Any CPU
		{1D65EC51-B57D-446F-BEC4-FB1F41AECD09}.Release|ARM.ActiveCfg = Release|Any CPU
		{1D65EC51-B57D-446F-BEC4-FB1F41AECD09}.Release|ARM.Build.0 = Release|Any CPU
		{1D65EC51-B57D-446F-BEC4-FB1F41AECD09}.Release|iPhone.ActiveCfg = Release|Any CPU
		{1D65EC51-B57D-446F-BEC4-FB1F41AECD09}.Release|iPhoneSimulator.ActiveCfg = Release|Any CPU
		{1D65EC51-B57D-446F-BEC4-FB1F41AECD09}.Release|Mixed Platforms.ActiveCfg = Release|Any CPU
		{1D65EC51-B57D-446F-BEC4-FB1F41AECD09}.Release|Mixed Platforms.Build.0 = Release|Any CPU
		{1D65EC51-B57D-446F-BEC4-FB1F41AECD09}.Release|x64.ActiveCfg = Release|Any CPU
		{1D65EC51-B57D-446F-BEC4-FB1F41AECD09}.Release|x64.Build.0 = Release|Any CPU
		{1D65EC51-B57D-446F-BEC4-FB1F41AECD09}.Release|x86.ActiveCfg = Release|Any CPU
		{1D65EC51-B57D-446F-BEC4-FB1F41AECD09}.Release|x86.Build.0 = Release|Any CPU
		{D387E593-26F9-4E60-9240-5FB1046B4271}.Ad-Hoc|Any CPU.ActiveCfg = Release|Any CPU
		{D387E593-26F9-4E60-9240-5FB1046B4271}.Ad-Hoc|Any CPU.Build.0 = Release|Any CPU
		{D387E593-26F9-4E60-9240-5FB1046B4271}.Ad-Hoc|ARM.ActiveCfg = Debug|Any CPU
		{D387E593-26F9-4E60-9240-5FB1046B4271}.Ad-Hoc|ARM.Build.0 = Debug|Any CPU
		{D387E593-26F9-4E60-9240-5FB1046B4271}.Ad-Hoc|iPhone.ActiveCfg = Release|Any CPU
		{D387E593-26F9-4E60-9240-5FB1046B4271}.Ad-Hoc|iPhoneSimulator.ActiveCfg = Release|Any CPU
		{D387E593-26F9-4E60-9240-5FB1046B4271}.Ad-Hoc|Mixed Platforms.ActiveCfg = Release|Any CPU
		{D387E593-26F9-4E60-9240-5FB1046B4271}.Ad-Hoc|Mixed Platforms.Build.0 = Release|Any CPU
		{D387E593-26F9-4E60-9240-5FB1046B4271}.Ad-Hoc|x64.ActiveCfg = Debug|Any CPU
		{D387E593-26F9-4E60-9240-5FB1046B4271}.Ad-Hoc|x64.Build.0 = Debug|Any CPU
		{D387E593-26F9-4E60-9240-5FB1046B4271}.Ad-Hoc|x86.ActiveCfg = Debug|Any CPU
		{D387E593-26F9-4E60-9240-5FB1046B4271}.Ad-Hoc|x86.Build.0 = Debug|Any CPU
		{D387E593-26F9-4E60-9240-5FB1046B4271}.AppStore|Any CPU.ActiveCfg = Release|Any CPU
		{D387E593-26F9-4E60-9240-5FB1046B4271}.AppStore|Any CPU.Build.0 = Release|Any CPU
		{D387E593-26F9-4E60-9240-5FB1046B4271}.AppStore|ARM.ActiveCfg = Debug|Any CPU
		{D387E593-26F9-4E60-9240-5FB1046B4271}.AppStore|ARM.Build.0 = Debug|Any CPU
		{D387E593-26F9-4E60-9240-5FB1046B4271}.AppStore|iPhone.ActiveCfg = Release|Any CPU
		{D387E593-26F9-4E60-9240-5FB1046B4271}.AppStore|iPhoneSimulator.ActiveCfg = Release|Any CPU
		{D387E593-26F9-4E60-9240-5FB1046B4271}.AppStore|Mixed Platforms.ActiveCfg = Release|Any CPU
		{D387E593-26F9-4E60-9240-5FB1046B4271}.AppStore|Mixed Platforms.Build.0 = Release|Any CPU
		{D387E593-26F9-4E60-9240-5FB1046B4271}.AppStore|x64.ActiveCfg = Debug|Any CPU
		{D387E593-26F9-4E60-9240-5FB1046B4271}.AppStore|x64.Build.0 = Debug|Any CPU
		{D387E593-26F9-4E60-9240-5FB1046B4271}.AppStore|x86.ActiveCfg = Debug|Any CPU
		{D387E593-26F9-4E60-9240-5FB1046B4271}.AppStore|x86.Build.0 = Debug|Any CPU
		{D387E593-26F9-4E60-9240-5FB1046B4271}.Debug|Any CPU.ActiveCfg = Debug|Any CPU
		{D387E593-26F9-4E60-9240-5FB1046B4271}.Debug|Any CPU.Build.0 = Debug|Any CPU
		{D387E593-26F9-4E60-9240-5FB1046B4271}.Debug|ARM.ActiveCfg = Debug|Any CPU
		{D387E593-26F9-4E60-9240-5FB1046B4271}.Debug|ARM.Build.0 = Debug|Any CPU
		{D387E593-26F9-4E60-9240-5FB1046B4271}.Debug|iPhone.ActiveCfg = Debug|Any CPU
		{D387E593-26F9-4E60-9240-5FB1046B4271}.Debug|iPhoneSimulator.ActiveCfg = Debug|Any CPU
		{D387E593-26F9-4E60-9240-5FB1046B4271}.Debug|iPhoneSimulator.Build.0 = Debug|Any CPU
		{D387E593-26F9-4E60-9240-5FB1046B4271}.Debug|Mixed Platforms.ActiveCfg = Debug|Any CPU
		{D387E593-26F9-4E60-9240-5FB1046B4271}.Debug|Mixed Platforms.Build.0 = Debug|Any CPU
		{D387E593-26F9-4E60-9240-5FB1046B4271}.Debug|x64.ActiveCfg = Debug|Any CPU
		{D387E593-26F9-4E60-9240-5FB1046B4271}.Debug|x64.Build.0 = Debug|Any CPU
		{D387E593-26F9-4E60-9240-5FB1046B4271}.Debug|x86.ActiveCfg = Debug|Any CPU
		{D387E593-26F9-4E60-9240-5FB1046B4271}.Debug|x86.Build.0 = Debug|Any CPU
		{D387E593-26F9-4E60-9240-5FB1046B4271}.Release|Any CPU.ActiveCfg = Release|Any CPU
		{D387E593-26F9-4E60-9240-5FB1046B4271}.Release|Any CPU.Build.0 = Release|Any CPU
		{D387E593-26F9-4E60-9240-5FB1046B4271}.Release|ARM.ActiveCfg = Release|Any CPU
		{D387E593-26F9-4E60-9240-5FB1046B4271}.Release|ARM.Build.0 = Release|Any CPU
		{D387E593-26F9-4E60-9240-5FB1046B4271}.Release|iPhone.ActiveCfg = Release|Any CPU
		{D387E593-26F9-4E60-9240-5FB1046B4271}.Release|iPhoneSimulator.ActiveCfg = Release|Any CPU
		{D387E593-26F9-4E60-9240-5FB1046B4271}.Release|Mixed Platforms.ActiveCfg = Release|Any CPU
		{D387E593-26F9-4E60-9240-5FB1046B4271}.Release|Mixed Platforms.Build.0 = Release|Any CPU
		{D387E593-26F9-4E60-9240-5FB1046B4271}.Release|x64.ActiveCfg = Release|Any CPU
		{D387E593-26F9-4E60-9240-5FB1046B4271}.Release|x64.Build.0 = Release|Any CPU
		{D387E593-26F9-4E60-9240-5FB1046B4271}.Release|x86.ActiveCfg = Release|Any CPU
		{D387E593-26F9-4E60-9240-5FB1046B4271}.Release|x86.Build.0 = Release|Any CPU
		{27CA7044-5594-49B9-A8D7-40471001D863}.Ad-Hoc|Any CPU.ActiveCfg = Release|Any CPU
		{27CA7044-5594-49B9-A8D7-40471001D863}.Ad-Hoc|Any CPU.Build.0 = Release|Any CPU
		{27CA7044-5594-49B9-A8D7-40471001D863}.Ad-Hoc|ARM.ActiveCfg = Debug|Any CPU
		{27CA7044-5594-49B9-A8D7-40471001D863}.Ad-Hoc|ARM.Build.0 = Debug|Any CPU
		{27CA7044-5594-49B9-A8D7-40471001D863}.Ad-Hoc|iPhone.ActiveCfg = Release|Any CPU
		{27CA7044-5594-49B9-A8D7-40471001D863}.Ad-Hoc|iPhone.Build.0 = Release|Any CPU
		{27CA7044-5594-49B9-A8D7-40471001D863}.Ad-Hoc|iPhoneSimulator.ActiveCfg = Release|Any CPU
		{27CA7044-5594-49B9-A8D7-40471001D863}.Ad-Hoc|iPhoneSimulator.Build.0 = Release|Any CPU
		{27CA7044-5594-49B9-A8D7-40471001D863}.Ad-Hoc|Mixed Platforms.ActiveCfg = Release|Any CPU
		{27CA7044-5594-49B9-A8D7-40471001D863}.Ad-Hoc|Mixed Platforms.Build.0 = Release|Any CPU
		{27CA7044-5594-49B9-A8D7-40471001D863}.Ad-Hoc|x64.ActiveCfg = Debug|Any CPU
		{27CA7044-5594-49B9-A8D7-40471001D863}.Ad-Hoc|x64.Build.0 = Debug|Any CPU
		{27CA7044-5594-49B9-A8D7-40471001D863}.Ad-Hoc|x86.ActiveCfg = Debug|Any CPU
		{27CA7044-5594-49B9-A8D7-40471001D863}.Ad-Hoc|x86.Build.0 = Debug|Any CPU
		{27CA7044-5594-49B9-A8D7-40471001D863}.AppStore|Any CPU.ActiveCfg = Release|Any CPU
		{27CA7044-5594-49B9-A8D7-40471001D863}.AppStore|Any CPU.Build.0 = Release|Any CPU
		{27CA7044-5594-49B9-A8D7-40471001D863}.AppStore|ARM.ActiveCfg = Debug|Any CPU
		{27CA7044-5594-49B9-A8D7-40471001D863}.AppStore|ARM.Build.0 = Debug|Any CPU
		{27CA7044-5594-49B9-A8D7-40471001D863}.AppStore|iPhone.ActiveCfg = Release|Any CPU
		{27CA7044-5594-49B9-A8D7-40471001D863}.AppStore|iPhone.Build.0 = Release|Any CPU
		{27CA7044-5594-49B9-A8D7-40471001D863}.AppStore|iPhoneSimulator.ActiveCfg = Release|Any CPU
		{27CA7044-5594-49B9-A8D7-40471001D863}.AppStore|iPhoneSimulator.Build.0 = Release|Any CPU
		{27CA7044-5594-49B9-A8D7-40471001D863}.AppStore|Mixed Platforms.ActiveCfg = Release|Any CPU
		{27CA7044-5594-49B9-A8D7-40471001D863}.AppStore|Mixed Platforms.Build.0 = Release|Any CPU
		{27CA7044-5594-49B9-A8D7-40471001D863}.AppStore|x64.ActiveCfg = Debug|Any CPU
		{27CA7044-5594-49B9-A8D7-40471001D863}.AppStore|x64.Build.0 = Debug|Any CPU
		{27CA7044-5594-49B9-A8D7-40471001D863}.AppStore|x86.ActiveCfg = Debug|Any CPU
		{27CA7044-5594-49B9-A8D7-40471001D863}.AppStore|x86.Build.0 = Debug|Any CPU
		{27CA7044-5594-49B9-A8D7-40471001D863}.Debug|Any CPU.ActiveCfg = Debug|Any CPU
		{27CA7044-5594-49B9-A8D7-40471001D863}.Debug|Any CPU.Build.0 = Debug|Any CPU
		{27CA7044-5594-49B9-A8D7-40471001D863}.Debug|ARM.ActiveCfg = Debug|Any CPU
		{27CA7044-5594-49B9-A8D7-40471001D863}.Debug|ARM.Build.0 = Debug|Any CPU
		{27CA7044-5594-49B9-A8D7-40471001D863}.Debug|iPhone.ActiveCfg = Debug|Any CPU
		{27CA7044-5594-49B9-A8D7-40471001D863}.Debug|iPhone.Build.0 = Debug|Any CPU
		{27CA7044-5594-49B9-A8D7-40471001D863}.Debug|iPhoneSimulator.ActiveCfg = Debug|Any CPU
		{27CA7044-5594-49B9-A8D7-40471001D863}.Debug|iPhoneSimulator.Build.0 = Debug|Any CPU
		{27CA7044-5594-49B9-A8D7-40471001D863}.Debug|Mixed Platforms.ActiveCfg = Debug|Any CPU
		{27CA7044-5594-49B9-A8D7-40471001D863}.Debug|Mixed Platforms.Build.0 = Debug|Any CPU
		{27CA7044-5594-49B9-A8D7-40471001D863}.Debug|x64.ActiveCfg = Debug|Any CPU
		{27CA7044-5594-49B9-A8D7-40471001D863}.Debug|x64.Build.0 = Debug|Any CPU
		{27CA7044-5594-49B9-A8D7-40471001D863}.Debug|x86.ActiveCfg = Debug|Any CPU
		{27CA7044-5594-49B9-A8D7-40471001D863}.Debug|x86.Build.0 = Debug|Any CPU
		{27CA7044-5594-49B9-A8D7-40471001D863}.Release|Any CPU.ActiveCfg = Release|Any CPU
		{27CA7044-5594-49B9-A8D7-40471001D863}.Release|Any CPU.Build.0 = Release|Any CPU
		{27CA7044-5594-49B9-A8D7-40471001D863}.Release|ARM.ActiveCfg = Release|Any CPU
		{27CA7044-5594-49B9-A8D7-40471001D863}.Release|ARM.Build.0 = Release|Any CPU
		{27CA7044-5594-49B9-A8D7-40471001D863}.Release|iPhone.ActiveCfg = Release|Any CPU
		{27CA7044-5594-49B9-A8D7-40471001D863}.Release|iPhone.Build.0 = Release|Any CPU
		{27CA7044-5594-49B9-A8D7-40471001D863}.Release|iPhoneSimulator.ActiveCfg = Release|Any CPU
		{27CA7044-5594-49B9-A8D7-40471001D863}.Release|iPhoneSimulator.Build.0 = Release|Any CPU
		{27CA7044-5594-49B9-A8D7-40471001D863}.Release|Mixed Platforms.ActiveCfg = Release|Any CPU
		{27CA7044-5594-49B9-A8D7-40471001D863}.Release|Mixed Platforms.Build.0 = Release|Any CPU
		{27CA7044-5594-49B9-A8D7-40471001D863}.Release|x64.ActiveCfg = Release|Any CPU
		{27CA7044-5594-49B9-A8D7-40471001D863}.Release|x64.Build.0 = Release|Any CPU
		{27CA7044-5594-49B9-A8D7-40471001D863}.Release|x86.ActiveCfg = Release|Any CPU
		{27CA7044-5594-49B9-A8D7-40471001D863}.Release|x86.Build.0 = Release|Any CPU
		{2DFC1632-5508-4EA4-A98E-E68522AD8FF7}.Ad-Hoc|Any CPU.ActiveCfg = Release|Any CPU
		{2DFC1632-5508-4EA4-A98E-E68522AD8FF7}.Ad-Hoc|Any CPU.Build.0 = Release|Any CPU
		{2DFC1632-5508-4EA4-A98E-E68522AD8FF7}.Ad-Hoc|ARM.ActiveCfg = Debug|Any CPU
		{2DFC1632-5508-4EA4-A98E-E68522AD8FF7}.Ad-Hoc|ARM.Build.0 = Debug|Any CPU
		{2DFC1632-5508-4EA4-A98E-E68522AD8FF7}.Ad-Hoc|iPhone.ActiveCfg = Release|Any CPU
		{2DFC1632-5508-4EA4-A98E-E68522AD8FF7}.Ad-Hoc|iPhone.Build.0 = Release|Any CPU
		{2DFC1632-5508-4EA4-A98E-E68522AD8FF7}.Ad-Hoc|iPhoneSimulator.ActiveCfg = Release|Any CPU
		{2DFC1632-5508-4EA4-A98E-E68522AD8FF7}.Ad-Hoc|iPhoneSimulator.Build.0 = Release|Any CPU
		{2DFC1632-5508-4EA4-A98E-E68522AD8FF7}.Ad-Hoc|Mixed Platforms.ActiveCfg = Release|Any CPU
		{2DFC1632-5508-4EA4-A98E-E68522AD8FF7}.Ad-Hoc|Mixed Platforms.Build.0 = Release|Any CPU
		{2DFC1632-5508-4EA4-A98E-E68522AD8FF7}.Ad-Hoc|x64.ActiveCfg = Debug|Any CPU
		{2DFC1632-5508-4EA4-A98E-E68522AD8FF7}.Ad-Hoc|x64.Build.0 = Debug|Any CPU
		{2DFC1632-5508-4EA4-A98E-E68522AD8FF7}.Ad-Hoc|x86.ActiveCfg = Debug|Any CPU
		{2DFC1632-5508-4EA4-A98E-E68522AD8FF7}.Ad-Hoc|x86.Build.0 = Debug|Any CPU
		{2DFC1632-5508-4EA4-A98E-E68522AD8FF7}.AppStore|Any CPU.ActiveCfg = Release|Any CPU
		{2DFC1632-5508-4EA4-A98E-E68522AD8FF7}.AppStore|Any CPU.Build.0 = Release|Any CPU
		{2DFC1632-5508-4EA4-A98E-E68522AD8FF7}.AppStore|ARM.ActiveCfg = Debug|Any CPU
		{2DFC1632-5508-4EA4-A98E-E68522AD8FF7}.AppStore|ARM.Build.0 = Debug|Any CPU
		{2DFC1632-5508-4EA4-A98E-E68522AD8FF7}.AppStore|iPhone.ActiveCfg = Release|Any CPU
		{2DFC1632-5508-4EA4-A98E-E68522AD8FF7}.AppStore|iPhone.Build.0 = Release|Any CPU
		{2DFC1632-5508-4EA4-A98E-E68522AD8FF7}.AppStore|iPhoneSimulator.ActiveCfg = Release|Any CPU
		{2DFC1632-5508-4EA4-A98E-E68522AD8FF7}.AppStore|iPhoneSimulator.Build.0 = Release|Any CPU
		{2DFC1632-5508-4EA4-A98E-E68522AD8FF7}.AppStore|Mixed Platforms.ActiveCfg = Release|Any CPU
		{2DFC1632-5508-4EA4-A98E-E68522AD8FF7}.AppStore|Mixed Platforms.Build.0 = Release|Any CPU
		{2DFC1632-5508-4EA4-A98E-E68522AD8FF7}.AppStore|x64.ActiveCfg = Debug|Any CPU
		{2DFC1632-5508-4EA4-A98E-E68522AD8FF7}.AppStore|x64.Build.0 = Debug|Any CPU
		{2DFC1632-5508-4EA4-A98E-E68522AD8FF7}.AppStore|x86.ActiveCfg = Debug|Any CPU
		{2DFC1632-5508-4EA4-A98E-E68522AD8FF7}.AppStore|x86.Build.0 = Debug|Any CPU
		{2DFC1632-5508-4EA4-A98E-E68522AD8FF7}.Debug|Any CPU.ActiveCfg = Debug|Any CPU
		{2DFC1632-5508-4EA4-A98E-E68522AD8FF7}.Debug|Any CPU.Build.0 = Debug|Any CPU
		{2DFC1632-5508-4EA4-A98E-E68522AD8FF7}.Debug|ARM.ActiveCfg = Debug|Any CPU
		{2DFC1632-5508-4EA4-A98E-E68522AD8FF7}.Debug|ARM.Build.0 = Debug|Any CPU
		{2DFC1632-5508-4EA4-A98E-E68522AD8FF7}.Debug|iPhone.ActiveCfg = Debug|Any CPU
		{2DFC1632-5508-4EA4-A98E-E68522AD8FF7}.Debug|iPhone.Build.0 = Debug|Any CPU
		{2DFC1632-5508-4EA4-A98E-E68522AD8FF7}.Debug|iPhoneSimulator.ActiveCfg = Debug|Any CPU
		{2DFC1632-5508-4EA4-A98E-E68522AD8FF7}.Debug|iPhoneSimulator.Build.0 = Debug|Any CPU
		{2DFC1632-5508-4EA4-A98E-E68522AD8FF7}.Debug|Mixed Platforms.ActiveCfg = Debug|Any CPU
		{2DFC1632-5508-4EA4-A98E-E68522AD8FF7}.Debug|Mixed Platforms.Build.0 = Debug|Any CPU
		{2DFC1632-5508-4EA4-A98E-E68522AD8FF7}.Debug|x64.ActiveCfg = Debug|Any CPU
		{2DFC1632-5508-4EA4-A98E-E68522AD8FF7}.Debug|x64.Build.0 = Debug|Any CPU
		{2DFC1632-5508-4EA4-A98E-E68522AD8FF7}.Debug|x86.ActiveCfg = Debug|Any CPU
		{2DFC1632-5508-4EA4-A98E-E68522AD8FF7}.Debug|x86.Build.0 = Debug|Any CPU
		{2DFC1632-5508-4EA4-A98E-E68522AD8FF7}.Release|Any CPU.ActiveCfg = Release|Any CPU
		{2DFC1632-5508-4EA4-A98E-E68522AD8FF7}.Release|Any CPU.Build.0 = Release|Any CPU
		{2DFC1632-5508-4EA4-A98E-E68522AD8FF7}.Release|ARM.ActiveCfg = Release|Any CPU
		{2DFC1632-5508-4EA4-A98E-E68522AD8FF7}.Release|ARM.Build.0 = Release|Any CPU
		{2DFC1632-5508-4EA4-A98E-E68522AD8FF7}.Release|iPhone.ActiveCfg = Release|Any CPU
		{2DFC1632-5508-4EA4-A98E-E68522AD8FF7}.Release|iPhone.Build.0 = Release|Any CPU
		{2DFC1632-5508-4EA4-A98E-E68522AD8FF7}.Release|iPhoneSimulator.ActiveCfg = Release|Any CPU
		{2DFC1632-5508-4EA4-A98E-E68522AD8FF7}.Release|iPhoneSimulator.Build.0 = Release|Any CPU
		{2DFC1632-5508-4EA4-A98E-E68522AD8FF7}.Release|Mixed Platforms.ActiveCfg = Release|Any CPU
		{2DFC1632-5508-4EA4-A98E-E68522AD8FF7}.Release|Mixed Platforms.Build.0 = Release|Any CPU
		{2DFC1632-5508-4EA4-A98E-E68522AD8FF7}.Release|x64.ActiveCfg = Release|Any CPU
		{2DFC1632-5508-4EA4-A98E-E68522AD8FF7}.Release|x64.Build.0 = Release|Any CPU
		{2DFC1632-5508-4EA4-A98E-E68522AD8FF7}.Release|x86.ActiveCfg = Release|Any CPU
		{2DFC1632-5508-4EA4-A98E-E68522AD8FF7}.Release|x86.Build.0 = Release|Any CPU
		{7FCF8DC1-8B80-4BA8-A3B7-03809A14E5A2}.Ad-Hoc|Any CPU.ActiveCfg = Release|Any CPU
		{7FCF8DC1-8B80-4BA8-A3B7-03809A14E5A2}.Ad-Hoc|Any CPU.Build.0 = Release|Any CPU
		{7FCF8DC1-8B80-4BA8-A3B7-03809A14E5A2}.Ad-Hoc|ARM.ActiveCfg = Debug|Any CPU
		{7FCF8DC1-8B80-4BA8-A3B7-03809A14E5A2}.Ad-Hoc|ARM.Build.0 = Debug|Any CPU
		{7FCF8DC1-8B80-4BA8-A3B7-03809A14E5A2}.Ad-Hoc|iPhone.ActiveCfg = Release|Any CPU
		{7FCF8DC1-8B80-4BA8-A3B7-03809A14E5A2}.Ad-Hoc|iPhoneSimulator.ActiveCfg = Release|Any CPU
		{7FCF8DC1-8B80-4BA8-A3B7-03809A14E5A2}.Ad-Hoc|Mixed Platforms.ActiveCfg = Release|Any CPU
		{7FCF8DC1-8B80-4BA8-A3B7-03809A14E5A2}.Ad-Hoc|Mixed Platforms.Build.0 = Release|Any CPU
		{7FCF8DC1-8B80-4BA8-A3B7-03809A14E5A2}.Ad-Hoc|x64.ActiveCfg = Debug|Any CPU
		{7FCF8DC1-8B80-4BA8-A3B7-03809A14E5A2}.Ad-Hoc|x64.Build.0 = Debug|Any CPU
		{7FCF8DC1-8B80-4BA8-A3B7-03809A14E5A2}.Ad-Hoc|x86.ActiveCfg = Debug|Any CPU
		{7FCF8DC1-8B80-4BA8-A3B7-03809A14E5A2}.Ad-Hoc|x86.Build.0 = Debug|Any CPU
		{7FCF8DC1-8B80-4BA8-A3B7-03809A14E5A2}.AppStore|Any CPU.ActiveCfg = Release|Any CPU
		{7FCF8DC1-8B80-4BA8-A3B7-03809A14E5A2}.AppStore|Any CPU.Build.0 = Release|Any CPU
		{7FCF8DC1-8B80-4BA8-A3B7-03809A14E5A2}.AppStore|ARM.ActiveCfg = Debug|Any CPU
		{7FCF8DC1-8B80-4BA8-A3B7-03809A14E5A2}.AppStore|ARM.Build.0 = Debug|Any CPU
		{7FCF8DC1-8B80-4BA8-A3B7-03809A14E5A2}.AppStore|iPhone.ActiveCfg = Release|Any CPU
		{7FCF8DC1-8B80-4BA8-A3B7-03809A14E5A2}.AppStore|iPhoneSimulator.ActiveCfg = Release|Any CPU
		{7FCF8DC1-8B80-4BA8-A3B7-03809A14E5A2}.AppStore|Mixed Platforms.ActiveCfg = Release|Any CPU
		{7FCF8DC1-8B80-4BA8-A3B7-03809A14E5A2}.AppStore|Mixed Platforms.Build.0 = Release|Any CPU
		{7FCF8DC1-8B80-4BA8-A3B7-03809A14E5A2}.AppStore|x64.ActiveCfg = Debug|Any CPU
		{7FCF8DC1-8B80-4BA8-A3B7-03809A14E5A2}.AppStore|x64.Build.0 = Debug|Any CPU
		{7FCF8DC1-8B80-4BA8-A3B7-03809A14E5A2}.AppStore|x86.ActiveCfg = Debug|Any CPU
		{7FCF8DC1-8B80-4BA8-A3B7-03809A14E5A2}.AppStore|x86.Build.0 = Debug|Any CPU
		{7FCF8DC1-8B80-4BA8-A3B7-03809A14E5A2}.Debug|Any CPU.ActiveCfg = Debug|Any CPU
		{7FCF8DC1-8B80-4BA8-A3B7-03809A14E5A2}.Debug|Any CPU.Build.0 = Debug|Any CPU
		{7FCF8DC1-8B80-4BA8-A3B7-03809A14E5A2}.Debug|ARM.ActiveCfg = Debug|Any CPU
		{7FCF8DC1-8B80-4BA8-A3B7-03809A14E5A2}.Debug|ARM.Build.0 = Debug|Any CPU
		{7FCF8DC1-8B80-4BA8-A3B7-03809A14E5A2}.Debug|iPhone.ActiveCfg = Debug|Any CPU
		{7FCF8DC1-8B80-4BA8-A3B7-03809A14E5A2}.Debug|iPhoneSimulator.ActiveCfg = Debug|Any CPU
		{7FCF8DC1-8B80-4BA8-A3B7-03809A14E5A2}.Debug|Mixed Platforms.ActiveCfg = Debug|Any CPU
		{7FCF8DC1-8B80-4BA8-A3B7-03809A14E5A2}.Debug|Mixed Platforms.Build.0 = Debug|Any CPU
		{7FCF8DC1-8B80-4BA8-A3B7-03809A14E5A2}.Debug|x64.ActiveCfg = Debug|Any CPU
		{7FCF8DC1-8B80-4BA8-A3B7-03809A14E5A2}.Debug|x64.Build.0 = Debug|Any CPU
		{7FCF8DC1-8B80-4BA8-A3B7-03809A14E5A2}.Debug|x86.ActiveCfg = Debug|Any CPU
		{7FCF8DC1-8B80-4BA8-A3B7-03809A14E5A2}.Debug|x86.Build.0 = Debug|Any CPU
		{7FCF8DC1-8B80-4BA8-A3B7-03809A14E5A2}.Release|Any CPU.ActiveCfg = Release|Any CPU
		{7FCF8DC1-8B80-4BA8-A3B7-03809A14E5A2}.Release|Any CPU.Build.0 = Release|Any CPU
		{7FCF8DC1-8B80-4BA8-A3B7-03809A14E5A2}.Release|ARM.ActiveCfg = Release|Any CPU
		{7FCF8DC1-8B80-4BA8-A3B7-03809A14E5A2}.Release|ARM.Build.0 = Release|Any CPU
		{7FCF8DC1-8B80-4BA8-A3B7-03809A14E5A2}.Release|iPhone.ActiveCfg = Release|Any CPU
		{7FCF8DC1-8B80-4BA8-A3B7-03809A14E5A2}.Release|iPhoneSimulator.ActiveCfg = Release|Any CPU
		{7FCF8DC1-8B80-4BA8-A3B7-03809A14E5A2}.Release|Mixed Platforms.ActiveCfg = Release|Any CPU
		{7FCF8DC1-8B80-4BA8-A3B7-03809A14E5A2}.Release|Mixed Platforms.Build.0 = Release|Any CPU
		{7FCF8DC1-8B80-4BA8-A3B7-03809A14E5A2}.Release|x64.ActiveCfg = Release|Any CPU
		{7FCF8DC1-8B80-4BA8-A3B7-03809A14E5A2}.Release|x64.Build.0 = Release|Any CPU
		{7FCF8DC1-8B80-4BA8-A3B7-03809A14E5A2}.Release|x86.ActiveCfg = Release|Any CPU
		{7FCF8DC1-8B80-4BA8-A3B7-03809A14E5A2}.Release|x86.Build.0 = Release|Any CPU
		{1C8DA4AF-401D-402B-8738-9B5E87DD23B1}.Ad-Hoc|Any CPU.ActiveCfg = Release|Any CPU
		{1C8DA4AF-401D-402B-8738-9B5E87DD23B1}.Ad-Hoc|Any CPU.Build.0 = Release|Any CPU
		{1C8DA4AF-401D-402B-8738-9B5E87DD23B1}.Ad-Hoc|ARM.ActiveCfg = Debug|Any CPU
		{1C8DA4AF-401D-402B-8738-9B5E87DD23B1}.Ad-Hoc|ARM.Build.0 = Debug|Any CPU
		{1C8DA4AF-401D-402B-8738-9B5E87DD23B1}.Ad-Hoc|iPhone.ActiveCfg = Release|Any CPU
		{1C8DA4AF-401D-402B-8738-9B5E87DD23B1}.Ad-Hoc|iPhone.Build.0 = Release|Any CPU
		{1C8DA4AF-401D-402B-8738-9B5E87DD23B1}.Ad-Hoc|iPhoneSimulator.ActiveCfg = Release|Any CPU
		{1C8DA4AF-401D-402B-8738-9B5E87DD23B1}.Ad-Hoc|iPhoneSimulator.Build.0 = Release|Any CPU
		{1C8DA4AF-401D-402B-8738-9B5E87DD23B1}.Ad-Hoc|Mixed Platforms.ActiveCfg = Release|Any CPU
		{1C8DA4AF-401D-402B-8738-9B5E87DD23B1}.Ad-Hoc|Mixed Platforms.Build.0 = Release|Any CPU
		{1C8DA4AF-401D-402B-8738-9B5E87DD23B1}.Ad-Hoc|x64.ActiveCfg = Debug|Any CPU
		{1C8DA4AF-401D-402B-8738-9B5E87DD23B1}.Ad-Hoc|x64.Build.0 = Debug|Any CPU
		{1C8DA4AF-401D-402B-8738-9B5E87DD23B1}.Ad-Hoc|x86.ActiveCfg = Debug|Any CPU
		{1C8DA4AF-401D-402B-8738-9B5E87DD23B1}.Ad-Hoc|x86.Build.0 = Debug|Any CPU
		{1C8DA4AF-401D-402B-8738-9B5E87DD23B1}.AppStore|Any CPU.ActiveCfg = Release|Any CPU
		{1C8DA4AF-401D-402B-8738-9B5E87DD23B1}.AppStore|Any CPU.Build.0 = Release|Any CPU
		{1C8DA4AF-401D-402B-8738-9B5E87DD23B1}.AppStore|ARM.ActiveCfg = Debug|Any CPU
		{1C8DA4AF-401D-402B-8738-9B5E87DD23B1}.AppStore|ARM.Build.0 = Debug|Any CPU
		{1C8DA4AF-401D-402B-8738-9B5E87DD23B1}.AppStore|iPhone.ActiveCfg = Release|Any CPU
		{1C8DA4AF-401D-402B-8738-9B5E87DD23B1}.AppStore|iPhone.Build.0 = Release|Any CPU
		{1C8DA4AF-401D-402B-8738-9B5E87DD23B1}.AppStore|iPhoneSimulator.ActiveCfg = Release|Any CPU
		{1C8DA4AF-401D-402B-8738-9B5E87DD23B1}.AppStore|iPhoneSimulator.Build.0 = Release|Any CPU
		{1C8DA4AF-401D-402B-8738-9B5E87DD23B1}.AppStore|Mixed Platforms.ActiveCfg = Release|Any CPU
		{1C8DA4AF-401D-402B-8738-9B5E87DD23B1}.AppStore|Mixed Platforms.Build.0 = Release|Any CPU
		{1C8DA4AF-401D-402B-8738-9B5E87DD23B1}.AppStore|x64.ActiveCfg = Debug|Any CPU
		{1C8DA4AF-401D-402B-8738-9B5E87DD23B1}.AppStore|x64.Build.0 = Debug|Any CPU
		{1C8DA4AF-401D-402B-8738-9B5E87DD23B1}.AppStore|x86.ActiveCfg = Debug|Any CPU
		{1C8DA4AF-401D-402B-8738-9B5E87DD23B1}.AppStore|x86.Build.0 = Debug|Any CPU
		{1C8DA4AF-401D-402B-8738-9B5E87DD23B1}.Debug|Any CPU.ActiveCfg = Debug|Any CPU
		{1C8DA4AF-401D-402B-8738-9B5E87DD23B1}.Debug|Any CPU.Build.0 = Debug|Any CPU
		{1C8DA4AF-401D-402B-8738-9B5E87DD23B1}.Debug|ARM.ActiveCfg = Debug|Any CPU
		{1C8DA4AF-401D-402B-8738-9B5E87DD23B1}.Debug|ARM.Build.0 = Debug|Any CPU
		{1C8DA4AF-401D-402B-8738-9B5E87DD23B1}.Debug|iPhone.ActiveCfg = Debug|Any CPU
		{1C8DA4AF-401D-402B-8738-9B5E87DD23B1}.Debug|iPhone.Build.0 = Debug|Any CPU
		{1C8DA4AF-401D-402B-8738-9B5E87DD23B1}.Debug|iPhoneSimulator.ActiveCfg = Debug|Any CPU
		{1C8DA4AF-401D-402B-8738-9B5E87DD23B1}.Debug|iPhoneSimulator.Build.0 = Debug|Any CPU
		{1C8DA4AF-401D-402B-8738-9B5E87DD23B1}.Debug|Mixed Platforms.ActiveCfg = Debug|Any CPU
		{1C8DA4AF-401D-402B-8738-9B5E87DD23B1}.Debug|Mixed Platforms.Build.0 = Debug|Any CPU
		{1C8DA4AF-401D-402B-8738-9B5E87DD23B1}.Debug|x64.ActiveCfg = Debug|Any CPU
		{1C8DA4AF-401D-402B-8738-9B5E87DD23B1}.Debug|x64.Build.0 = Debug|Any CPU
		{1C8DA4AF-401D-402B-8738-9B5E87DD23B1}.Debug|x86.ActiveCfg = Debug|Any CPU
		{1C8DA4AF-401D-402B-8738-9B5E87DD23B1}.Debug|x86.Build.0 = Debug|Any CPU
		{1C8DA4AF-401D-402B-8738-9B5E87DD23B1}.Release|Any CPU.ActiveCfg = Release|Any CPU
		{1C8DA4AF-401D-402B-8738-9B5E87DD23B1}.Release|Any CPU.Build.0 = Release|Any CPU
		{1C8DA4AF-401D-402B-8738-9B5E87DD23B1}.Release|ARM.ActiveCfg = Release|Any CPU
		{1C8DA4AF-401D-402B-8738-9B5E87DD23B1}.Release|ARM.Build.0 = Release|Any CPU
		{1C8DA4AF-401D-402B-8738-9B5E87DD23B1}.Release|iPhone.ActiveCfg = Release|Any CPU
		{1C8DA4AF-401D-402B-8738-9B5E87DD23B1}.Release|iPhone.Build.0 = Release|Any CPU
		{1C8DA4AF-401D-402B-8738-9B5E87DD23B1}.Release|iPhoneSimulator.ActiveCfg = Release|Any CPU
		{1C8DA4AF-401D-402B-8738-9B5E87DD23B1}.Release|iPhoneSimulator.Build.0 = Release|Any CPU
		{1C8DA4AF-401D-402B-8738-9B5E87DD23B1}.Release|Mixed Platforms.ActiveCfg = Release|Any CPU
		{1C8DA4AF-401D-402B-8738-9B5E87DD23B1}.Release|Mixed Platforms.Build.0 = Release|Any CPU
		{1C8DA4AF-401D-402B-8738-9B5E87DD23B1}.Release|x64.ActiveCfg = Release|Any CPU
		{1C8DA4AF-401D-402B-8738-9B5E87DD23B1}.Release|x64.Build.0 = Release|Any CPU
		{1C8DA4AF-401D-402B-8738-9B5E87DD23B1}.Release|x86.ActiveCfg = Release|Any CPU
		{1C8DA4AF-401D-402B-8738-9B5E87DD23B1}.Release|x86.Build.0 = Release|Any CPU
		{17A740C2-07D5-44B7-A7DA-B07E7A9612AC}.Ad-Hoc|Any CPU.ActiveCfg = Release|Any CPU
		{17A740C2-07D5-44B7-A7DA-B07E7A9612AC}.Ad-Hoc|Any CPU.Build.0 = Release|Any CPU
		{17A740C2-07D5-44B7-A7DA-B07E7A9612AC}.Ad-Hoc|ARM.ActiveCfg = Debug|Any CPU
		{17A740C2-07D5-44B7-A7DA-B07E7A9612AC}.Ad-Hoc|ARM.Build.0 = Debug|Any CPU
		{17A740C2-07D5-44B7-A7DA-B07E7A9612AC}.Ad-Hoc|iPhone.ActiveCfg = Release|Any CPU
		{17A740C2-07D5-44B7-A7DA-B07E7A9612AC}.Ad-Hoc|iPhone.Build.0 = Release|Any CPU
		{17A740C2-07D5-44B7-A7DA-B07E7A9612AC}.Ad-Hoc|iPhoneSimulator.ActiveCfg = Release|Any CPU
		{17A740C2-07D5-44B7-A7DA-B07E7A9612AC}.Ad-Hoc|iPhoneSimulator.Build.0 = Release|Any CPU
		{17A740C2-07D5-44B7-A7DA-B07E7A9612AC}.Ad-Hoc|Mixed Platforms.ActiveCfg = Release|Any CPU
		{17A740C2-07D5-44B7-A7DA-B07E7A9612AC}.Ad-Hoc|Mixed Platforms.Build.0 = Release|Any CPU
		{17A740C2-07D5-44B7-A7DA-B07E7A9612AC}.Ad-Hoc|x64.ActiveCfg = Debug|Any CPU
		{17A740C2-07D5-44B7-A7DA-B07E7A9612AC}.Ad-Hoc|x64.Build.0 = Debug|Any CPU
		{17A740C2-07D5-44B7-A7DA-B07E7A9612AC}.Ad-Hoc|x86.ActiveCfg = Debug|Any CPU
		{17A740C2-07D5-44B7-A7DA-B07E7A9612AC}.Ad-Hoc|x86.Build.0 = Debug|Any CPU
		{17A740C2-07D5-44B7-A7DA-B07E7A9612AC}.AppStore|Any CPU.ActiveCfg = Release|Any CPU
		{17A740C2-07D5-44B7-A7DA-B07E7A9612AC}.AppStore|Any CPU.Build.0 = Release|Any CPU
		{17A740C2-07D5-44B7-A7DA-B07E7A9612AC}.AppStore|ARM.ActiveCfg = Debug|Any CPU
		{17A740C2-07D5-44B7-A7DA-B07E7A9612AC}.AppStore|ARM.Build.0 = Debug|Any CPU
		{17A740C2-07D5-44B7-A7DA-B07E7A9612AC}.AppStore|iPhone.ActiveCfg = Release|Any CPU
		{17A740C2-07D5-44B7-A7DA-B07E7A9612AC}.AppStore|iPhone.Build.0 = Release|Any CPU
		{17A740C2-07D5-44B7-A7DA-B07E7A9612AC}.AppStore|iPhoneSimulator.ActiveCfg = Release|Any CPU
		{17A740C2-07D5-44B7-A7DA-B07E7A9612AC}.AppStore|iPhoneSimulator.Build.0 = Release|Any CPU
		{17A740C2-07D5-44B7-A7DA-B07E7A9612AC}.AppStore|Mixed Platforms.ActiveCfg = Release|Any CPU
		{17A740C2-07D5-44B7-A7DA-B07E7A9612AC}.AppStore|Mixed Platforms.Build.0 = Release|Any CPU
		{17A740C2-07D5-44B7-A7DA-B07E7A9612AC}.AppStore|x64.ActiveCfg = Debug|Any CPU
		{17A740C2-07D5-44B7-A7DA-B07E7A9612AC}.AppStore|x64.Build.0 = Debug|Any CPU
		{17A740C2-07D5-44B7-A7DA-B07E7A9612AC}.AppStore|x86.ActiveCfg = Debug|Any CPU
		{17A740C2-07D5-44B7-A7DA-B07E7A9612AC}.AppStore|x86.Build.0 = Debug|Any CPU
		{17A740C2-07D5-44B7-A7DA-B07E7A9612AC}.Debug|Any CPU.ActiveCfg = Debug|Any CPU
		{17A740C2-07D5-44B7-A7DA-B07E7A9612AC}.Debug|Any CPU.Build.0 = Debug|Any CPU
		{17A740C2-07D5-44B7-A7DA-B07E7A9612AC}.Debug|ARM.ActiveCfg = Debug|Any CPU
		{17A740C2-07D5-44B7-A7DA-B07E7A9612AC}.Debug|ARM.Build.0 = Debug|Any CPU
		{17A740C2-07D5-44B7-A7DA-B07E7A9612AC}.Debug|iPhone.ActiveCfg = Debug|Any CPU
		{17A740C2-07D5-44B7-A7DA-B07E7A9612AC}.Debug|iPhone.Build.0 = Debug|Any CPU
		{17A740C2-07D5-44B7-A7DA-B07E7A9612AC}.Debug|iPhoneSimulator.ActiveCfg = Debug|Any CPU
		{17A740C2-07D5-44B7-A7DA-B07E7A9612AC}.Debug|iPhoneSimulator.Build.0 = Debug|Any CPU
		{17A740C2-07D5-44B7-A7DA-B07E7A9612AC}.Debug|Mixed Platforms.ActiveCfg = Debug|Any CPU
		{17A740C2-07D5-44B7-A7DA-B07E7A9612AC}.Debug|Mixed Platforms.Build.0 = Debug|Any CPU
		{17A740C2-07D5-44B7-A7DA-B07E7A9612AC}.Debug|x64.ActiveCfg = Debug|Any CPU
		{17A740C2-07D5-44B7-A7DA-B07E7A9612AC}.Debug|x64.Build.0 = Debug|Any CPU
		{17A740C2-07D5-44B7-A7DA-B07E7A9612AC}.Debug|x86.ActiveCfg = Debug|Any CPU
		{17A740C2-07D5-44B7-A7DA-B07E7A9612AC}.Debug|x86.Build.0 = Debug|Any CPU
		{17A740C2-07D5-44B7-A7DA-B07E7A9612AC}.Release|Any CPU.ActiveCfg = Release|Any CPU
		{17A740C2-07D5-44B7-A7DA-B07E7A9612AC}.Release|Any CPU.Build.0 = Release|Any CPU
		{17A740C2-07D5-44B7-A7DA-B07E7A9612AC}.Release|ARM.ActiveCfg = Release|Any CPU
		{17A740C2-07D5-44B7-A7DA-B07E7A9612AC}.Release|ARM.Build.0 = Release|Any CPU
		{17A740C2-07D5-44B7-A7DA-B07E7A9612AC}.Release|iPhone.ActiveCfg = Release|Any CPU
		{17A740C2-07D5-44B7-A7DA-B07E7A9612AC}.Release|iPhone.Build.0 = Release|Any CPU
		{17A740C2-07D5-44B7-A7DA-B07E7A9612AC}.Release|iPhoneSimulator.ActiveCfg = Release|Any CPU
		{17A740C2-07D5-44B7-A7DA-B07E7A9612AC}.Release|iPhoneSimulator.Build.0 = Release|Any CPU
		{17A740C2-07D5-44B7-A7DA-B07E7A9612AC}.Release|Mixed Platforms.ActiveCfg = Release|Any CPU
		{17A740C2-07D5-44B7-A7DA-B07E7A9612AC}.Release|Mixed Platforms.Build.0 = Release|Any CPU
		{17A740C2-07D5-44B7-A7DA-B07E7A9612AC}.Release|x64.ActiveCfg = Release|Any CPU
		{17A740C2-07D5-44B7-A7DA-B07E7A9612AC}.Release|x64.Build.0 = Release|Any CPU
		{17A740C2-07D5-44B7-A7DA-B07E7A9612AC}.Release|x86.ActiveCfg = Release|Any CPU
		{17A740C2-07D5-44B7-A7DA-B07E7A9612AC}.Release|x86.Build.0 = Release|Any CPU
		{13BDC78A-B6A8-4FF2-9330-87EBE45E2ACD}.Ad-Hoc|Any CPU.ActiveCfg = Release|Any CPU
		{13BDC78A-B6A8-4FF2-9330-87EBE45E2ACD}.Ad-Hoc|Any CPU.Build.0 = Release|Any CPU
		{13BDC78A-B6A8-4FF2-9330-87EBE45E2ACD}.Ad-Hoc|ARM.ActiveCfg = Debug|Any CPU
		{13BDC78A-B6A8-4FF2-9330-87EBE45E2ACD}.Ad-Hoc|ARM.Build.0 = Debug|Any CPU
		{13BDC78A-B6A8-4FF2-9330-87EBE45E2ACD}.Ad-Hoc|iPhone.ActiveCfg = Release|Any CPU
		{13BDC78A-B6A8-4FF2-9330-87EBE45E2ACD}.Ad-Hoc|iPhoneSimulator.ActiveCfg = Release|Any CPU
		{13BDC78A-B6A8-4FF2-9330-87EBE45E2ACD}.Ad-Hoc|Mixed Platforms.ActiveCfg = Release|Any CPU
		{13BDC78A-B6A8-4FF2-9330-87EBE45E2ACD}.Ad-Hoc|Mixed Platforms.Build.0 = Release|Any CPU
		{13BDC78A-B6A8-4FF2-9330-87EBE45E2ACD}.Ad-Hoc|x64.ActiveCfg = Debug|Any CPU
		{13BDC78A-B6A8-4FF2-9330-87EBE45E2ACD}.Ad-Hoc|x64.Build.0 = Debug|Any CPU
		{13BDC78A-B6A8-4FF2-9330-87EBE45E2ACD}.Ad-Hoc|x86.ActiveCfg = Debug|Any CPU
		{13BDC78A-B6A8-4FF2-9330-87EBE45E2ACD}.Ad-Hoc|x86.Build.0 = Debug|Any CPU
		{13BDC78A-B6A8-4FF2-9330-87EBE45E2ACD}.AppStore|Any CPU.ActiveCfg = Release|Any CPU
		{13BDC78A-B6A8-4FF2-9330-87EBE45E2ACD}.AppStore|Any CPU.Build.0 = Release|Any CPU
		{13BDC78A-B6A8-4FF2-9330-87EBE45E2ACD}.AppStore|ARM.ActiveCfg = Debug|Any CPU
		{13BDC78A-B6A8-4FF2-9330-87EBE45E2ACD}.AppStore|ARM.Build.0 = Debug|Any CPU
		{13BDC78A-B6A8-4FF2-9330-87EBE45E2ACD}.AppStore|iPhone.ActiveCfg = Release|Any CPU
		{13BDC78A-B6A8-4FF2-9330-87EBE45E2ACD}.AppStore|iPhoneSimulator.ActiveCfg = Release|Any CPU
		{13BDC78A-B6A8-4FF2-9330-87EBE45E2ACD}.AppStore|Mixed Platforms.ActiveCfg = Release|Any CPU
		{13BDC78A-B6A8-4FF2-9330-87EBE45E2ACD}.AppStore|Mixed Platforms.Build.0 = Release|Any CPU
		{13BDC78A-B6A8-4FF2-9330-87EBE45E2ACD}.AppStore|x64.ActiveCfg = Debug|Any CPU
		{13BDC78A-B6A8-4FF2-9330-87EBE45E2ACD}.AppStore|x64.Build.0 = Debug|Any CPU
		{13BDC78A-B6A8-4FF2-9330-87EBE45E2ACD}.AppStore|x86.ActiveCfg = Debug|Any CPU
		{13BDC78A-B6A8-4FF2-9330-87EBE45E2ACD}.AppStore|x86.Build.0 = Debug|Any CPU
		{13BDC78A-B6A8-4FF2-9330-87EBE45E2ACD}.Debug|Any CPU.ActiveCfg = Debug|Any CPU
		{13BDC78A-B6A8-4FF2-9330-87EBE45E2ACD}.Debug|Any CPU.Build.0 = Debug|Any CPU
		{13BDC78A-B6A8-4FF2-9330-87EBE45E2ACD}.Debug|ARM.ActiveCfg = Debug|Any CPU
		{13BDC78A-B6A8-4FF2-9330-87EBE45E2ACD}.Debug|ARM.Build.0 = Debug|Any CPU
		{13BDC78A-B6A8-4FF2-9330-87EBE45E2ACD}.Debug|iPhone.ActiveCfg = Debug|Any CPU
		{13BDC78A-B6A8-4FF2-9330-87EBE45E2ACD}.Debug|iPhoneSimulator.ActiveCfg = Debug|Any CPU
		{13BDC78A-B6A8-4FF2-9330-87EBE45E2ACD}.Debug|Mixed Platforms.ActiveCfg = Debug|Any CPU
		{13BDC78A-B6A8-4FF2-9330-87EBE45E2ACD}.Debug|Mixed Platforms.Build.0 = Debug|Any CPU
		{13BDC78A-B6A8-4FF2-9330-87EBE45E2ACD}.Debug|x64.ActiveCfg = Debug|Any CPU
		{13BDC78A-B6A8-4FF2-9330-87EBE45E2ACD}.Debug|x64.Build.0 = Debug|Any CPU
		{13BDC78A-B6A8-4FF2-9330-87EBE45E2ACD}.Debug|x86.ActiveCfg = Debug|Any CPU
		{13BDC78A-B6A8-4FF2-9330-87EBE45E2ACD}.Debug|x86.Build.0 = Debug|Any CPU
		{13BDC78A-B6A8-4FF2-9330-87EBE45E2ACD}.Release|Any CPU.ActiveCfg = Release|Any CPU
		{13BDC78A-B6A8-4FF2-9330-87EBE45E2ACD}.Release|Any CPU.Build.0 = Release|Any CPU
		{13BDC78A-B6A8-4FF2-9330-87EBE45E2ACD}.Release|ARM.ActiveCfg = Release|Any CPU
		{13BDC78A-B6A8-4FF2-9330-87EBE45E2ACD}.Release|ARM.Build.0 = Release|Any CPU
		{13BDC78A-B6A8-4FF2-9330-87EBE45E2ACD}.Release|iPhone.ActiveCfg = Release|Any CPU
		{13BDC78A-B6A8-4FF2-9330-87EBE45E2ACD}.Release|iPhoneSimulator.ActiveCfg = Release|Any CPU
		{13BDC78A-B6A8-4FF2-9330-87EBE45E2ACD}.Release|Mixed Platforms.ActiveCfg = Release|Any CPU
		{13BDC78A-B6A8-4FF2-9330-87EBE45E2ACD}.Release|Mixed Platforms.Build.0 = Release|Any CPU
		{13BDC78A-B6A8-4FF2-9330-87EBE45E2ACD}.Release|x64.ActiveCfg = Release|Any CPU
		{13BDC78A-B6A8-4FF2-9330-87EBE45E2ACD}.Release|x64.Build.0 = Release|Any CPU
		{13BDC78A-B6A8-4FF2-9330-87EBE45E2ACD}.Release|x86.ActiveCfg = Release|Any CPU
		{13BDC78A-B6A8-4FF2-9330-87EBE45E2ACD}.Release|x86.Build.0 = Release|Any CPU
		{0670B636-F8E2-4836-8078-6221862BF139}.Ad-Hoc|Any CPU.ActiveCfg = Release|Any CPU
		{0670B636-F8E2-4836-8078-6221862BF139}.Ad-Hoc|Any CPU.Build.0 = Release|Any CPU
		{0670B636-F8E2-4836-8078-6221862BF139}.Ad-Hoc|ARM.ActiveCfg = Release|ARM
		{0670B636-F8E2-4836-8078-6221862BF139}.Ad-Hoc|ARM.Build.0 = Release|ARM
		{0670B636-F8E2-4836-8078-6221862BF139}.Ad-Hoc|iPhone.ActiveCfg = Release|Any CPU
		{0670B636-F8E2-4836-8078-6221862BF139}.Ad-Hoc|iPhone.Build.0 = Release|Any CPU
		{0670B636-F8E2-4836-8078-6221862BF139}.Ad-Hoc|iPhoneSimulator.ActiveCfg = Release|Any CPU
		{0670B636-F8E2-4836-8078-6221862BF139}.Ad-Hoc|iPhoneSimulator.Build.0 = Release|Any CPU
		{0670B636-F8E2-4836-8078-6221862BF139}.Ad-Hoc|Mixed Platforms.ActiveCfg = Release|x86
		{0670B636-F8E2-4836-8078-6221862BF139}.Ad-Hoc|Mixed Platforms.Build.0 = Release|x86
		{0670B636-F8E2-4836-8078-6221862BF139}.Ad-Hoc|x64.ActiveCfg = Release|Any CPU
		{0670B636-F8E2-4836-8078-6221862BF139}.Ad-Hoc|x64.Build.0 = Release|Any CPU
		{0670B636-F8E2-4836-8078-6221862BF139}.Ad-Hoc|x86.ActiveCfg = Release|x86
		{0670B636-F8E2-4836-8078-6221862BF139}.Ad-Hoc|x86.Build.0 = Release|x86
		{0670B636-F8E2-4836-8078-6221862BF139}.AppStore|Any CPU.ActiveCfg = Release|Any CPU
		{0670B636-F8E2-4836-8078-6221862BF139}.AppStore|Any CPU.Build.0 = Release|Any CPU
		{0670B636-F8E2-4836-8078-6221862BF139}.AppStore|ARM.ActiveCfg = Release|ARM
		{0670B636-F8E2-4836-8078-6221862BF139}.AppStore|ARM.Build.0 = Release|ARM
		{0670B636-F8E2-4836-8078-6221862BF139}.AppStore|iPhone.ActiveCfg = Release|Any CPU
		{0670B636-F8E2-4836-8078-6221862BF139}.AppStore|iPhone.Build.0 = Release|Any CPU
		{0670B636-F8E2-4836-8078-6221862BF139}.AppStore|iPhoneSimulator.ActiveCfg = Release|Any CPU
		{0670B636-F8E2-4836-8078-6221862BF139}.AppStore|iPhoneSimulator.Build.0 = Release|Any CPU
		{0670B636-F8E2-4836-8078-6221862BF139}.AppStore|Mixed Platforms.ActiveCfg = Release|x86
		{0670B636-F8E2-4836-8078-6221862BF139}.AppStore|Mixed Platforms.Build.0 = Release|x86
		{0670B636-F8E2-4836-8078-6221862BF139}.AppStore|x64.ActiveCfg = Release|Any CPU
		{0670B636-F8E2-4836-8078-6221862BF139}.AppStore|x64.Build.0 = Release|Any CPU
		{0670B636-F8E2-4836-8078-6221862BF139}.AppStore|x86.ActiveCfg = Release|x86
		{0670B636-F8E2-4836-8078-6221862BF139}.AppStore|x86.Build.0 = Release|x86
		{0670B636-F8E2-4836-8078-6221862BF139}.Debug|Any CPU.ActiveCfg = Debug|Any CPU
		{0670B636-F8E2-4836-8078-6221862BF139}.Debug|Any CPU.Build.0 = Debug|Any CPU
		{0670B636-F8E2-4836-8078-6221862BF139}.Debug|ARM.ActiveCfg = Debug|ARM
		{0670B636-F8E2-4836-8078-6221862BF139}.Debug|ARM.Build.0 = Debug|ARM
		{0670B636-F8E2-4836-8078-6221862BF139}.Debug|iPhone.ActiveCfg = Debug|Any CPU
		{0670B636-F8E2-4836-8078-6221862BF139}.Debug|iPhone.Build.0 = Debug|Any CPU
		{0670B636-F8E2-4836-8078-6221862BF139}.Debug|iPhoneSimulator.ActiveCfg = Debug|Any CPU
		{0670B636-F8E2-4836-8078-6221862BF139}.Debug|iPhoneSimulator.Build.0 = Debug|Any CPU
		{0670B636-F8E2-4836-8078-6221862BF139}.Debug|Mixed Platforms.ActiveCfg = Debug|x86
		{0670B636-F8E2-4836-8078-6221862BF139}.Debug|Mixed Platforms.Build.0 = Debug|x86
		{0670B636-F8E2-4836-8078-6221862BF139}.Debug|x64.ActiveCfg = Debug|Any CPU
		{0670B636-F8E2-4836-8078-6221862BF139}.Debug|x64.Build.0 = Debug|Any CPU
		{0670B636-F8E2-4836-8078-6221862BF139}.Debug|x86.ActiveCfg = Debug|x86
		{0670B636-F8E2-4836-8078-6221862BF139}.Debug|x86.Build.0 = Debug|x86
		{0670B636-F8E2-4836-8078-6221862BF139}.Release|Any CPU.ActiveCfg = Release|Any CPU
		{0670B636-F8E2-4836-8078-6221862BF139}.Release|Any CPU.Build.0 = Release|Any CPU
		{0670B636-F8E2-4836-8078-6221862BF139}.Release|ARM.ActiveCfg = Release|ARM
		{0670B636-F8E2-4836-8078-6221862BF139}.Release|ARM.Build.0 = Release|ARM
		{0670B636-F8E2-4836-8078-6221862BF139}.Release|iPhone.ActiveCfg = Release|Any CPU
		{0670B636-F8E2-4836-8078-6221862BF139}.Release|iPhone.Build.0 = Release|Any CPU
		{0670B636-F8E2-4836-8078-6221862BF139}.Release|iPhoneSimulator.ActiveCfg = Release|Any CPU
		{0670B636-F8E2-4836-8078-6221862BF139}.Release|iPhoneSimulator.Build.0 = Release|Any CPU
		{0670B636-F8E2-4836-8078-6221862BF139}.Release|Mixed Platforms.ActiveCfg = Release|x86
		{0670B636-F8E2-4836-8078-6221862BF139}.Release|Mixed Platforms.Build.0 = Release|x86
		{0670B636-F8E2-4836-8078-6221862BF139}.Release|x64.ActiveCfg = Release|Any CPU
		{0670B636-F8E2-4836-8078-6221862BF139}.Release|x64.Build.0 = Release|Any CPU
		{0670B636-F8E2-4836-8078-6221862BF139}.Release|x86.ActiveCfg = Release|x86
		{0670B636-F8E2-4836-8078-6221862BF139}.Release|x86.Build.0 = Release|x86
		{CCCC1999-E699-44CB-9B3B-EF7DCF45B5FD}.Ad-Hoc|Any CPU.ActiveCfg = Release|Any CPU
		{CCCC1999-E699-44CB-9B3B-EF7DCF45B5FD}.Ad-Hoc|Any CPU.Build.0 = Release|Any CPU
		{CCCC1999-E699-44CB-9B3B-EF7DCF45B5FD}.Ad-Hoc|ARM.ActiveCfg = Release|ARM
		{CCCC1999-E699-44CB-9B3B-EF7DCF45B5FD}.Ad-Hoc|ARM.Build.0 = Release|ARM
		{CCCC1999-E699-44CB-9B3B-EF7DCF45B5FD}.Ad-Hoc|iPhone.ActiveCfg = Release|Any CPU
		{CCCC1999-E699-44CB-9B3B-EF7DCF45B5FD}.Ad-Hoc|iPhone.Build.0 = Release|Any CPU
		{CCCC1999-E699-44CB-9B3B-EF7DCF45B5FD}.Ad-Hoc|iPhoneSimulator.ActiveCfg = Release|Any CPU
		{CCCC1999-E699-44CB-9B3B-EF7DCF45B5FD}.Ad-Hoc|iPhoneSimulator.Build.0 = Release|Any CPU
		{CCCC1999-E699-44CB-9B3B-EF7DCF45B5FD}.Ad-Hoc|Mixed Platforms.ActiveCfg = Release|x86
		{CCCC1999-E699-44CB-9B3B-EF7DCF45B5FD}.Ad-Hoc|Mixed Platforms.Build.0 = Release|x86
		{CCCC1999-E699-44CB-9B3B-EF7DCF45B5FD}.Ad-Hoc|x64.ActiveCfg = Release|Any CPU
		{CCCC1999-E699-44CB-9B3B-EF7DCF45B5FD}.Ad-Hoc|x64.Build.0 = Release|Any CPU
		{CCCC1999-E699-44CB-9B3B-EF7DCF45B5FD}.Ad-Hoc|x86.ActiveCfg = Release|x86
		{CCCC1999-E699-44CB-9B3B-EF7DCF45B5FD}.Ad-Hoc|x86.Build.0 = Release|x86
		{CCCC1999-E699-44CB-9B3B-EF7DCF45B5FD}.AppStore|Any CPU.ActiveCfg = Release|Any CPU
		{CCCC1999-E699-44CB-9B3B-EF7DCF45B5FD}.AppStore|Any CPU.Build.0 = Release|Any CPU
		{CCCC1999-E699-44CB-9B3B-EF7DCF45B5FD}.AppStore|ARM.ActiveCfg = Release|ARM
		{CCCC1999-E699-44CB-9B3B-EF7DCF45B5FD}.AppStore|ARM.Build.0 = Release|ARM
		{CCCC1999-E699-44CB-9B3B-EF7DCF45B5FD}.AppStore|iPhone.ActiveCfg = Release|Any CPU
		{CCCC1999-E699-44CB-9B3B-EF7DCF45B5FD}.AppStore|iPhone.Build.0 = Release|Any CPU
		{CCCC1999-E699-44CB-9B3B-EF7DCF45B5FD}.AppStore|iPhoneSimulator.ActiveCfg = Release|Any CPU
		{CCCC1999-E699-44CB-9B3B-EF7DCF45B5FD}.AppStore|iPhoneSimulator.Build.0 = Release|Any CPU
		{CCCC1999-E699-44CB-9B3B-EF7DCF45B5FD}.AppStore|Mixed Platforms.ActiveCfg = Release|x86
		{CCCC1999-E699-44CB-9B3B-EF7DCF45B5FD}.AppStore|Mixed Platforms.Build.0 = Release|x86
		{CCCC1999-E699-44CB-9B3B-EF7DCF45B5FD}.AppStore|x64.ActiveCfg = Release|Any CPU
		{CCCC1999-E699-44CB-9B3B-EF7DCF45B5FD}.AppStore|x64.Build.0 = Release|Any CPU
		{CCCC1999-E699-44CB-9B3B-EF7DCF45B5FD}.AppStore|x86.ActiveCfg = Release|x86
		{CCCC1999-E699-44CB-9B3B-EF7DCF45B5FD}.AppStore|x86.Build.0 = Release|x86
		{CCCC1999-E699-44CB-9B3B-EF7DCF45B5FD}.Debug|Any CPU.ActiveCfg = Debug|Any CPU
		{CCCC1999-E699-44CB-9B3B-EF7DCF45B5FD}.Debug|Any CPU.Build.0 = Debug|Any CPU
		{CCCC1999-E699-44CB-9B3B-EF7DCF45B5FD}.Debug|ARM.ActiveCfg = Debug|ARM
		{CCCC1999-E699-44CB-9B3B-EF7DCF45B5FD}.Debug|ARM.Build.0 = Debug|ARM
		{CCCC1999-E699-44CB-9B3B-EF7DCF45B5FD}.Debug|iPhone.ActiveCfg = Debug|Any CPU
		{CCCC1999-E699-44CB-9B3B-EF7DCF45B5FD}.Debug|iPhone.Build.0 = Debug|Any CPU
		{CCCC1999-E699-44CB-9B3B-EF7DCF45B5FD}.Debug|iPhoneSimulator.ActiveCfg = Debug|Any CPU
		{CCCC1999-E699-44CB-9B3B-EF7DCF45B5FD}.Debug|iPhoneSimulator.Build.0 = Debug|Any CPU
		{CCCC1999-E699-44CB-9B3B-EF7DCF45B5FD}.Debug|Mixed Platforms.ActiveCfg = Debug|x86
		{CCCC1999-E699-44CB-9B3B-EF7DCF45B5FD}.Debug|Mixed Platforms.Build.0 = Debug|x86
		{CCCC1999-E699-44CB-9B3B-EF7DCF45B5FD}.Debug|x64.ActiveCfg = Debug|Any CPU
		{CCCC1999-E699-44CB-9B3B-EF7DCF45B5FD}.Debug|x64.Build.0 = Debug|Any CPU
		{CCCC1999-E699-44CB-9B3B-EF7DCF45B5FD}.Debug|x86.ActiveCfg = Debug|x86
		{CCCC1999-E699-44CB-9B3B-EF7DCF45B5FD}.Debug|x86.Build.0 = Debug|x86
		{CCCC1999-E699-44CB-9B3B-EF7DCF45B5FD}.Release|Any CPU.ActiveCfg = Release|Any CPU
		{CCCC1999-E699-44CB-9B3B-EF7DCF45B5FD}.Release|Any CPU.Build.0 = Release|Any CPU
		{CCCC1999-E699-44CB-9B3B-EF7DCF45B5FD}.Release|ARM.ActiveCfg = Release|ARM
		{CCCC1999-E699-44CB-9B3B-EF7DCF45B5FD}.Release|ARM.Build.0 = Release|ARM
		{CCCC1999-E699-44CB-9B3B-EF7DCF45B5FD}.Release|iPhone.ActiveCfg = Release|Any CPU
		{CCCC1999-E699-44CB-9B3B-EF7DCF45B5FD}.Release|iPhone.Build.0 = Release|Any CPU
		{CCCC1999-E699-44CB-9B3B-EF7DCF45B5FD}.Release|iPhoneSimulator.ActiveCfg = Release|Any CPU
		{CCCC1999-E699-44CB-9B3B-EF7DCF45B5FD}.Release|iPhoneSimulator.Build.0 = Release|Any CPU
		{CCCC1999-E699-44CB-9B3B-EF7DCF45B5FD}.Release|Mixed Platforms.ActiveCfg = Release|x86
		{CCCC1999-E699-44CB-9B3B-EF7DCF45B5FD}.Release|Mixed Platforms.Build.0 = Release|x86
		{CCCC1999-E699-44CB-9B3B-EF7DCF45B5FD}.Release|x64.ActiveCfg = Release|Any CPU
		{CCCC1999-E699-44CB-9B3B-EF7DCF45B5FD}.Release|x64.Build.0 = Release|Any CPU
		{CCCC1999-E699-44CB-9B3B-EF7DCF45B5FD}.Release|x86.ActiveCfg = Release|x86
		{CCCC1999-E699-44CB-9B3B-EF7DCF45B5FD}.Release|x86.Build.0 = Release|x86
		{67F059E7-EC6A-429F-8FC8-8D655340557E}.Ad-Hoc|Any CPU.ActiveCfg = Release|Any CPU
		{67F059E7-EC6A-429F-8FC8-8D655340557E}.Ad-Hoc|Any CPU.Build.0 = Release|Any CPU
		{67F059E7-EC6A-429F-8FC8-8D655340557E}.Ad-Hoc|ARM.ActiveCfg = Release|ARM
		{67F059E7-EC6A-429F-8FC8-8D655340557E}.Ad-Hoc|ARM.Build.0 = Release|ARM
		{67F059E7-EC6A-429F-8FC8-8D655340557E}.Ad-Hoc|iPhone.ActiveCfg = Release|Any CPU
		{67F059E7-EC6A-429F-8FC8-8D655340557E}.Ad-Hoc|iPhone.Build.0 = Release|Any CPU
		{67F059E7-EC6A-429F-8FC8-8D655340557E}.Ad-Hoc|iPhoneSimulator.ActiveCfg = Release|Any CPU
		{67F059E7-EC6A-429F-8FC8-8D655340557E}.Ad-Hoc|iPhoneSimulator.Build.0 = Release|Any CPU
		{67F059E7-EC6A-429F-8FC8-8D655340557E}.Ad-Hoc|Mixed Platforms.ActiveCfg = Release|x86
		{67F059E7-EC6A-429F-8FC8-8D655340557E}.Ad-Hoc|Mixed Platforms.Build.0 = Release|x86
		{67F059E7-EC6A-429F-8FC8-8D655340557E}.Ad-Hoc|x64.ActiveCfg = Release|Any CPU
		{67F059E7-EC6A-429F-8FC8-8D655340557E}.Ad-Hoc|x64.Build.0 = Release|Any CPU
		{67F059E7-EC6A-429F-8FC8-8D655340557E}.Ad-Hoc|x86.ActiveCfg = Release|x86
		{67F059E7-EC6A-429F-8FC8-8D655340557E}.Ad-Hoc|x86.Build.0 = Release|x86
		{67F059E7-EC6A-429F-8FC8-8D655340557E}.AppStore|Any CPU.ActiveCfg = Release|Any CPU
		{67F059E7-EC6A-429F-8FC8-8D655340557E}.AppStore|Any CPU.Build.0 = Release|Any CPU
		{67F059E7-EC6A-429F-8FC8-8D655340557E}.AppStore|ARM.ActiveCfg = Release|ARM
		{67F059E7-EC6A-429F-8FC8-8D655340557E}.AppStore|ARM.Build.0 = Release|ARM
		{67F059E7-EC6A-429F-8FC8-8D655340557E}.AppStore|iPhone.ActiveCfg = Release|Any CPU
		{67F059E7-EC6A-429F-8FC8-8D655340557E}.AppStore|iPhone.Build.0 = Release|Any CPU
		{67F059E7-EC6A-429F-8FC8-8D655340557E}.AppStore|iPhoneSimulator.ActiveCfg = Release|Any CPU
		{67F059E7-EC6A-429F-8FC8-8D655340557E}.AppStore|iPhoneSimulator.Build.0 = Release|Any CPU
		{67F059E7-EC6A-429F-8FC8-8D655340557E}.AppStore|Mixed Platforms.ActiveCfg = Release|x86
		{67F059E7-EC6A-429F-8FC8-8D655340557E}.AppStore|Mixed Platforms.Build.0 = Release|x86
		{67F059E7-EC6A-429F-8FC8-8D655340557E}.AppStore|x64.ActiveCfg = Release|Any CPU
		{67F059E7-EC6A-429F-8FC8-8D655340557E}.AppStore|x64.Build.0 = Release|Any CPU
		{67F059E7-EC6A-429F-8FC8-8D655340557E}.AppStore|x86.ActiveCfg = Release|x86
		{67F059E7-EC6A-429F-8FC8-8D655340557E}.AppStore|x86.Build.0 = Release|x86
		{67F059E7-EC6A-429F-8FC8-8D655340557E}.Debug|Any CPU.ActiveCfg = Debug|Any CPU
		{67F059E7-EC6A-429F-8FC8-8D655340557E}.Debug|Any CPU.Build.0 = Debug|Any CPU
		{67F059E7-EC6A-429F-8FC8-8D655340557E}.Debug|ARM.ActiveCfg = Debug|ARM
		{67F059E7-EC6A-429F-8FC8-8D655340557E}.Debug|ARM.Build.0 = Debug|ARM
		{67F059E7-EC6A-429F-8FC8-8D655340557E}.Debug|iPhone.ActiveCfg = Debug|Any CPU
		{67F059E7-EC6A-429F-8FC8-8D655340557E}.Debug|iPhone.Build.0 = Debug|Any CPU
		{67F059E7-EC6A-429F-8FC8-8D655340557E}.Debug|iPhoneSimulator.ActiveCfg = Debug|Any CPU
		{67F059E7-EC6A-429F-8FC8-8D655340557E}.Debug|iPhoneSimulator.Build.0 = Debug|Any CPU
		{67F059E7-EC6A-429F-8FC8-8D655340557E}.Debug|Mixed Platforms.ActiveCfg = Debug|x86
		{67F059E7-EC6A-429F-8FC8-8D655340557E}.Debug|Mixed Platforms.Build.0 = Debug|x86
		{67F059E7-EC6A-429F-8FC8-8D655340557E}.Debug|x64.ActiveCfg = Debug|Any CPU
		{67F059E7-EC6A-429F-8FC8-8D655340557E}.Debug|x64.Build.0 = Debug|Any CPU
		{67F059E7-EC6A-429F-8FC8-8D655340557E}.Debug|x86.ActiveCfg = Debug|x86
		{67F059E7-EC6A-429F-8FC8-8D655340557E}.Debug|x86.Build.0 = Debug|x86
		{67F059E7-EC6A-429F-8FC8-8D655340557E}.Release|Any CPU.ActiveCfg = Release|Any CPU
		{67F059E7-EC6A-429F-8FC8-8D655340557E}.Release|Any CPU.Build.0 = Release|Any CPU
		{67F059E7-EC6A-429F-8FC8-8D655340557E}.Release|ARM.ActiveCfg = Release|ARM
		{67F059E7-EC6A-429F-8FC8-8D655340557E}.Release|ARM.Build.0 = Release|ARM
		{67F059E7-EC6A-429F-8FC8-8D655340557E}.Release|iPhone.ActiveCfg = Release|Any CPU
		{67F059E7-EC6A-429F-8FC8-8D655340557E}.Release|iPhone.Build.0 = Release|Any CPU
		{67F059E7-EC6A-429F-8FC8-8D655340557E}.Release|iPhoneSimulator.ActiveCfg = Release|Any CPU
		{67F059E7-EC6A-429F-8FC8-8D655340557E}.Release|iPhoneSimulator.Build.0 = Release|Any CPU
		{67F059E7-EC6A-429F-8FC8-8D655340557E}.Release|Mixed Platforms.ActiveCfg = Release|x86
		{67F059E7-EC6A-429F-8FC8-8D655340557E}.Release|Mixed Platforms.Build.0 = Release|x86
		{67F059E7-EC6A-429F-8FC8-8D655340557E}.Release|x64.ActiveCfg = Release|Any CPU
		{67F059E7-EC6A-429F-8FC8-8D655340557E}.Release|x64.Build.0 = Release|Any CPU
		{67F059E7-EC6A-429F-8FC8-8D655340557E}.Release|x86.ActiveCfg = Release|x86
		{67F059E7-EC6A-429F-8FC8-8D655340557E}.Release|x86.Build.0 = Release|x86
		{F398104C-E56C-437F-A525-2A0B91097E07}.Ad-Hoc|Any CPU.ActiveCfg = Release|Any CPU
		{F398104C-E56C-437F-A525-2A0B91097E07}.Ad-Hoc|Any CPU.Build.0 = Release|Any CPU
		{F398104C-E56C-437F-A525-2A0B91097E07}.Ad-Hoc|ARM.ActiveCfg = Release|ARM
		{F398104C-E56C-437F-A525-2A0B91097E07}.Ad-Hoc|ARM.Build.0 = Release|ARM
		{F398104C-E56C-437F-A525-2A0B91097E07}.Ad-Hoc|iPhone.ActiveCfg = Release|Any CPU
		{F398104C-E56C-437F-A525-2A0B91097E07}.Ad-Hoc|iPhone.Build.0 = Release|Any CPU
		{F398104C-E56C-437F-A525-2A0B91097E07}.Ad-Hoc|iPhoneSimulator.ActiveCfg = Release|Any CPU
		{F398104C-E56C-437F-A525-2A0B91097E07}.Ad-Hoc|iPhoneSimulator.Build.0 = Release|Any CPU
		{F398104C-E56C-437F-A525-2A0B91097E07}.Ad-Hoc|Mixed Platforms.ActiveCfg = Release|x86
		{F398104C-E56C-437F-A525-2A0B91097E07}.Ad-Hoc|Mixed Platforms.Build.0 = Release|x86
		{F398104C-E56C-437F-A525-2A0B91097E07}.Ad-Hoc|x64.ActiveCfg = Release|Any CPU
		{F398104C-E56C-437F-A525-2A0B91097E07}.Ad-Hoc|x64.Build.0 = Release|Any CPU
		{F398104C-E56C-437F-A525-2A0B91097E07}.Ad-Hoc|x86.ActiveCfg = Release|x86
		{F398104C-E56C-437F-A525-2A0B91097E07}.Ad-Hoc|x86.Build.0 = Release|x86
		{F398104C-E56C-437F-A525-2A0B91097E07}.AppStore|Any CPU.ActiveCfg = Release|Any CPU
		{F398104C-E56C-437F-A525-2A0B91097E07}.AppStore|Any CPU.Build.0 = Release|Any CPU
		{F398104C-E56C-437F-A525-2A0B91097E07}.AppStore|ARM.ActiveCfg = Release|ARM
		{F398104C-E56C-437F-A525-2A0B91097E07}.AppStore|ARM.Build.0 = Release|ARM
		{F398104C-E56C-437F-A525-2A0B91097E07}.AppStore|iPhone.ActiveCfg = Release|Any CPU
		{F398104C-E56C-437F-A525-2A0B91097E07}.AppStore|iPhone.Build.0 = Release|Any CPU
		{F398104C-E56C-437F-A525-2A0B91097E07}.AppStore|iPhoneSimulator.ActiveCfg = Release|Any CPU
		{F398104C-E56C-437F-A525-2A0B91097E07}.AppStore|iPhoneSimulator.Build.0 = Release|Any CPU
		{F398104C-E56C-437F-A525-2A0B91097E07}.AppStore|Mixed Platforms.ActiveCfg = Release|x86
		{F398104C-E56C-437F-A525-2A0B91097E07}.AppStore|Mixed Platforms.Build.0 = Release|x86
		{F398104C-E56C-437F-A525-2A0B91097E07}.AppStore|x64.ActiveCfg = Release|Any CPU
		{F398104C-E56C-437F-A525-2A0B91097E07}.AppStore|x64.Build.0 = Release|Any CPU
		{F398104C-E56C-437F-A525-2A0B91097E07}.AppStore|x86.ActiveCfg = Release|x86
		{F398104C-E56C-437F-A525-2A0B91097E07}.AppStore|x86.Build.0 = Release|x86
		{F398104C-E56C-437F-A525-2A0B91097E07}.Debug|Any CPU.ActiveCfg = Debug|Any CPU
		{F398104C-E56C-437F-A525-2A0B91097E07}.Debug|Any CPU.Build.0 = Debug|Any CPU
		{F398104C-E56C-437F-A525-2A0B91097E07}.Debug|ARM.ActiveCfg = Debug|ARM
		{F398104C-E56C-437F-A525-2A0B91097E07}.Debug|ARM.Build.0 = Debug|ARM
		{F398104C-E56C-437F-A525-2A0B91097E07}.Debug|iPhone.ActiveCfg = Debug|Any CPU
		{F398104C-E56C-437F-A525-2A0B91097E07}.Debug|iPhone.Build.0 = Debug|Any CPU
		{F398104C-E56C-437F-A525-2A0B91097E07}.Debug|iPhoneSimulator.ActiveCfg = Debug|Any CPU
		{F398104C-E56C-437F-A525-2A0B91097E07}.Debug|iPhoneSimulator.Build.0 = Debug|Any CPU
		{F398104C-E56C-437F-A525-2A0B91097E07}.Debug|Mixed Platforms.ActiveCfg = Debug|x86
		{F398104C-E56C-437F-A525-2A0B91097E07}.Debug|Mixed Platforms.Build.0 = Debug|x86
		{F398104C-E56C-437F-A525-2A0B91097E07}.Debug|x64.ActiveCfg = Debug|Any CPU
		{F398104C-E56C-437F-A525-2A0B91097E07}.Debug|x64.Build.0 = Debug|Any CPU
		{F398104C-E56C-437F-A525-2A0B91097E07}.Debug|x86.ActiveCfg = Debug|x86
		{F398104C-E56C-437F-A525-2A0B91097E07}.Debug|x86.Build.0 = Debug|x86
		{F398104C-E56C-437F-A525-2A0B91097E07}.Release|Any CPU.ActiveCfg = Release|Any CPU
		{F398104C-E56C-437F-A525-2A0B91097E07}.Release|Any CPU.Build.0 = Release|Any CPU
		{F398104C-E56C-437F-A525-2A0B91097E07}.Release|ARM.ActiveCfg = Release|ARM
		{F398104C-E56C-437F-A525-2A0B91097E07}.Release|ARM.Build.0 = Release|ARM
		{F398104C-E56C-437F-A525-2A0B91097E07}.Release|iPhone.ActiveCfg = Release|Any CPU
		{F398104C-E56C-437F-A525-2A0B91097E07}.Release|iPhone.Build.0 = Release|Any CPU
		{F398104C-E56C-437F-A525-2A0B91097E07}.Release|iPhoneSimulator.ActiveCfg = Release|Any CPU
		{F398104C-E56C-437F-A525-2A0B91097E07}.Release|iPhoneSimulator.Build.0 = Release|Any CPU
		{F398104C-E56C-437F-A525-2A0B91097E07}.Release|Mixed Platforms.ActiveCfg = Release|x86
		{F398104C-E56C-437F-A525-2A0B91097E07}.Release|Mixed Platforms.Build.0 = Release|x86
		{F398104C-E56C-437F-A525-2A0B91097E07}.Release|x64.ActiveCfg = Release|Any CPU
		{F398104C-E56C-437F-A525-2A0B91097E07}.Release|x64.Build.0 = Release|Any CPU
		{F398104C-E56C-437F-A525-2A0B91097E07}.Release|x86.ActiveCfg = Release|x86
		{F398104C-E56C-437F-A525-2A0B91097E07}.Release|x86.Build.0 = Release|x86
	EndGlobalSection
	GlobalSection(SolutionProperties) = preSolution
		HideSolutionNode = FALSE
	EndGlobalSection
EndGlobal
